{
  "version": 4,
  "terraform_version": "0.12.8",
  "serial": 15,
  "lineage": "3fbdd271-dd96-5cd4-f8b0-aa473e50e287",
  "outputs": {
    "ip": {
      "value": "54.198.248.153",
      "type": "string"
    }
  },
  "resources": [
    {
      "mode": "data",
      "type": "template_file",
      "name": "user_data",
      "provider": "provider.template",
      "instances": [
        {
          "schema_version": 0,
          "attributes": {
            "filename": null,
            "id": "936f58861ea75c0d532603ac5d87974d9317b00e58c58e6ab75ec070e39dc0a6",
            "rendered": "#! /bin/bash\nsudo yum update -y\nsudo yum install git -y\nsudo yum python3 -y\nsudo yum python3-pip -y\nsudo python3 -m pip install -U discord.py\nsudo python3 -m pip install apscheduler\n# Ticker Bot\ncd /home/ec2-user/\ngit clone https://github.com/rileybusche/TickerBotProd.git\ncd TickerBotProd/TickerPriceBot/\ntouch api_key.txt\ntouch token.txt\n# ShitPostBot\ncd /home/ec2-user/\ngit clone https://github.com/rileybusche/ShitPostBot.git\ncd ShitPostBot\ntouch token.txt\n# Command Center Bot - Coming soon",
            "template": "#! /bin/bash\nsudo yum update -y\nsudo yum install git -y\nsudo yum python3 -y\nsudo yum python3-pip -y\nsudo python3 -m pip install -U discord.py\nsudo python3 -m pip install apscheduler\n# Ticker Bot\ncd /home/ec2-user/\ngit clone https://github.com/rileybusche/TickerBotProd.git\ncd TickerBotProd/TickerPriceBot/\ntouch api_key.txt\ntouch token.txt\n# ShitPostBot\ncd /home/ec2-user/\ngit clone https://github.com/rileybusche/ShitPostBot.git\ncd ShitPostBot\ntouch token.txt\n# Command Center Bot - Coming soon",
            "vars": null
          }
        }
      ]
    },
    {
      "mode": "managed",
      "type": "aws_instance",
      "name": "Ticker",
      "each": "list",
      "provider": "provider.aws",
      "instances": [
        {
          "index_key": 0,
          "schema_version": 1,
          "attributes": {
            "ami": "ami-062f7200baf2fa504",
            "arn": "arn:aws:ec2:us-east-1:576454395590:instance/i-0457ec09c289b64e7",
            "associate_public_ip_address": true,
            "availability_zone": "us-east-1b",
            "cpu_core_count": 1,
            "cpu_threads_per_core": 2,
            "credit_specification": [
              {
                "cpu_credits": "unlimited"
              }
            ],
            "disable_api_termination": false,
            "ebs_block_device": [],
            "ebs_optimized": false,
            "ephemeral_block_device": [],
            "get_password_data": false,
            "host_id": null,
            "iam_instance_profile": "",
            "id": "i-0457ec09c289b64e7",
            "instance_initiated_shutdown_behavior": null,
            "instance_state": "running",
            "instance_type": "t3.micro",
            "ipv6_address_count": 0,
            "ipv6_addresses": [],
            "key_name": "command_center",
            "monitoring": false,
            "network_interface": [],
            "network_interface_id": null,
            "password_data": "",
            "placement_group": "",
            "primary_network_interface_id": "eni-0437b36cb19bb2054",
            "private_dns": "ip-172-31-33-254.ec2.internal",
            "private_ip": "172.31.33.254",
            "public_dns": "ec2-54-198-248-153.compute-1.amazonaws.com",
            "public_ip": "54.198.248.153",
            "root_block_device": [
              {
                "delete_on_termination": true,
                "encrypted": false,
                "iops": 100,
                "kms_key_id": "",
                "volume_id": "vol-01649b29cdd742976",
                "volume_size": 8,
                "volume_type": "gp2"
              }
            ],
            "security_groups": [
              "default"
            ],
            "source_dest_check": true,
            "subnet_id": "subnet-0a14e557",
            "tags": {
              "Name": "Command Center"
            },
            "tenancy": "default",
            "timeouts": null,
            "user_data": "52a5193a1a32387e3788c3712d1aa55532a4abc7",
            "user_data_base64": null,
            "volume_tags": {},
            "vpc_security_group_ids": [
              "sg-50090c22"
            ]
          },
          "private": "eyJlMmJmYjczMC1lY2FhLTExZTYtOGY4OC0zNDM2M2JjN2M0YzAiOnsiY3JlYXRlIjo2MDAwMDAwMDAwMDAsImRlbGV0ZSI6MTIwMDAwMDAwMDAwMCwidXBkYXRlIjo2MDAwMDAwMDAwMDB9LCJzY2hlbWFfdmVyc2lvbiI6IjEifQ==",
          "depends_on": [
            "aws_key_pair.command_center",
            "data.template_file.user_data"
          ]
        }
      ]
    },
    {
      "mode": "managed",
      "type": "aws_key_pair",
      "name": "command_center",
      "provider": "provider.aws",
      "instances": [
        {
          "schema_version": 1,
          "attributes": {
            "fingerprint": "c1:73:f8:6e:c6:57:c2:2e:9e:a4:27:52:40:f0:ae:5d",
            "id": "command_center",
            "key_name": "command_center",
            "key_name_prefix": null,
            "key_pair_id": "key-0a282d871fb2e15fa",
            "public_key": "ssh-rsa AAAAB3NzaC1yc2EAAAADAQABAAABAQCYcd8nMIcktL3J48y7F5sPazGd7C38vsq06sl9aUvqAHKpPBuGHFNnZeKBzRVeiuKfVduGLdF7FNNHfGxHiItvlzDtLJvD3NjUNgwfgMjviOIF/Ay5k3AF84PR8URWenHKN1vtfczqp7sV/+FJXDANuu6fKXtqi0D2UiviXBpnVn3dJQXf8Z3nK9Cp5usgKxNNQT49rL0u/W2XI5QOYD9aNNm0PINPtmP8XaQzz1Ekn7OxDN14PXgMs3k28yz5y8gnwRrThQkawPdsTyjFVmVr8nAr4bBz7ST4NYDx1Si9sCfLFGyMKVPGw/VsQBO2OTF6K7sQ7Tk3GNMvobkY9mrD rileybusche@Rileys-MacBook-Pro-2.local",
            "tags": {}
          },
          "private": "eyJzY2hlbWFfdmVyc2lvbiI6IjEifQ=="
        }
      ]
    }
  ]
}
